
Microsoft Visual Studio Solution File, Format Version 12.00
# Visual Studio Version 17
VisualStudioVersion = 17.8.34525.116
MinimumVisualStudioVersion = 10.0.40219.1
Project("{9A19103F-16F7-4668-BE54-9A1E7A4F7556}") = "Airport.API", "Airport.API\Airport.API.csproj", "{F15759FA-7A83-498F-9815-73FDF2A9C2A2}"
EndProject
Project("{FAE04EC0-301F-11D3-BF4B-00C04F79EFBC}") = "Airport.Http.Client", "Airport.Http.Client\Airport.Http.Client.csproj", "{32EE65F9-A896-4A5E-BB46-4BB5D3E99FE8}"
EndProject
Project("{FAE04EC0-301F-11D3-BF4B-00C04F79EFBC}") = "Airport.Flight.Simulator", "Airport.Flight.Simulator\Airport.Flight.Simulator.csproj", "{46761A6C-981A-43A5-8F48-071AA319DE56}"
EndProject
Global
	GlobalSection(SolutionConfigurationPlatforms) = preSolution
		Debug|Any CPU = Debug|Any CPU
		Release|Any CPU = Release|Any CPU
	EndGlobalSection
	GlobalSection(ProjectConfigurationPlatforms) = postSolution
		{F15759FA-7A83-498F-9815-73FDF2A9C2A2}.Debug|Any CPU.ActiveCfg = Debug|Any CPU
		{F15759FA-7A83-498F-9815-73FDF2A9C2A2}.Debug|Any CPU.Build.0 = Debug|Any CPU
		{F15759FA-7A83-498F-9815-73FDF2A9C2A2}.Release|Any CPU.ActiveCfg = Release|Any CPU
		{F15759FA-7A83-498F-9815-73FDF2A9C2A2}.Release|Any CPU.Build.0 = Release|Any CPU
		{32EE65F9-A896-4A5E-BB46-4BB5D3E99FE8}.Debug|Any CPU.ActiveCfg = Debug|Any CPU
		{32EE65F9-A896-4A5E-BB46-4BB5D3E99FE8}.Debug|Any CPU.Build.0 = Debug|Any CPU
		{32EE65F9-A896-4A5E-BB46-4BB5D3E99FE8}.Release|Any CPU.ActiveCfg = Release|Any CPU
		{32EE65F9-A896-4A5E-BB46-4BB5D3E99FE8}.Release|Any CPU.Build.0 = Release|Any CPU
		{46761A6C-981A-43A5-8F48-071AA319DE56}.Debug|Any CPU.ActiveCfg = Debug|Any CPU
		{46761A6C-981A-43A5-8F48-071AA319DE56}.Debug|Any CPU.Build.0 = Debug|Any CPU
		{46761A6C-981A-43A5-8F48-071AA319DE56}.Release|Any CPU.ActiveCfg = Release|Any CPU
		{46761A6C-981A-43A5-8F48-071AA319DE56}.Release|Any CPU.Build.0 = Release|Any CPU
	EndGlobalSection
	GlobalSection(SolutionProperties) = preSolution
		HideSolutionNode = FALSE
	EndGlobalSection
	GlobalSection(ExtensibilityGlobals) = postSolution
		SolutionGuid = {7E67D513-17DF-49E2-80AA-58705089CD15}
	EndGlobalSection
EndGlobal
